PODS:
  - Flutter (1.0.0)
  - lwk (0.3.0)

DEPENDENCIES:
  - Flutter (from `Flutter`)
  - lwk (from `.symlinks/plugins/lwk/ios`)

EXTERNAL SOURCES:
  Flutter:
    :path: Flutter
  lwk:
    :path: ".symlinks/plugins/lwk/ios"

SPEC CHECKSUMS:
  Flutter: cabc95a1d2626b1b06e7179b784ebcf0c0cde467
  lwk: cf14de45d293b60447aa410ffa5e81df11fc3df7

PODFILE CHECKSUM: 4f1c12611da7338d21589c0b2ecd6bd20b109694

COCOAPODS: 1.16.2
